
Microsoft Visual Studio Solution File, Format Version 12.00
# Visual Studio Version 17
VisualStudioVersion = 17.5.33414.496
MinimumVisualStudioVersion = 10.0.40219.1
Project("{FAE04EC0-301F-11D3-BF4B-00C04F79EFBC}") = "xadrez-console", "xadrez-console\xadrez-console.csproj", "{D6997C29-23EF-4254-8C17-BE72F6DC46D0}"
EndProject
Global
	GlobalSection(SolutionConfigurationPlatforms) = preSolution
		Debug|Any CPU = Debug|Any CPU
		Release|Any CPU = Release|Any CPU
	EndGlobalSection
	GlobalSection(ProjectConfigurationPlatforms) = postSolution
		{D6997C29-23EF-4254-8C17-BE72F6DC46D0}.Debug|Any CPU.ActiveCfg = Debug|Any CPU
		{D6997C29-23EF-4254-8C17-BE72F6DC46D0}.Debug|Any CPU.Build.0 = Debug|Any CPU
		{D6997C29-23EF-4254-8C17-BE72F6DC46D0}.Release|Any CPU.ActiveCfg = Release|Any CPU
		{D6997C29-23EF-4254-8C17-BE72F6DC46D0}.Release|Any CPU.Build.0 = Release|Any CPU
	EndGlobalSection
	GlobalSection(SolutionProperties) = preSolution
		HideSolutionNode = FALSE
	EndGlobalSection
	GlobalSection(ExtensibilityGlobals) = postSolution
		SolutionGuid = {568F0AC0-AE9D-4560-AE33-4C73945A5EC8}
	EndGlobalSection
EndGlobal
